// !$*UTF8*$!
{
	archiveVersion = 1;
	classes = {
	};
	objectVersion = 56;
	objects = {

/* Begin PBXBuildFile section */
		001 /* StrengthTrackerApp.swift in Sources */ = {isa = PBXBuildFile; fileRef = 101 /* StrengthTrackerApp.swift */; };
		002 /* ContentView.swift in Sources */ = {isa = PBXBuildFile; fileRef = 102 /* ContentView.swift */; };
		003 /* Goal.swift in Sources */ = {isa = PBXBuildFile; fileRef = 103 /* Goal.swift */; };
		004 /* Split.swift in Sources */ = {isa = PBXBuildFile; fileRef = 104 /* Split.swift */; };
		005 /* Location.swift in Sources */ = {isa = PBXBuildFile; fileRef = 105 /* Location.swift */; };
		006 /* MovementPattern.swift in Sources */ = {isa = PBXBuildFile; fileRef = 106 /* MovementPattern.swift */; };
		007 /* Muscle.swift in Sources */ = {isa = PBXBuildFile; fileRef = 107 /* Muscle.swift */; };
		008 /* Equipment.swift in Sources */ = {isa = PBXBuildFile; fileRef = 108 /* Equipment.swift */; };
		009 /* SetType.swift in Sources */ = {isa = PBXBuildFile; fileRef = 109 /* SetType.swift */; };
		010 /* ProgressionType.swift in Sources */ = {isa = PBXBuildFile; fileRef = 110 /* ProgressionType.swift */; };
		011 /* Readiness.swift in Sources */ = {isa = PBXBuildFile; fileRef = 111 /* Readiness.swift */; };
		012 /* UnitSystem.swift in Sources */ = {isa = PBXBuildFile; fileRef = 112 /* UnitSystem.swift */; };
		013 /* LLMProvider.swift in Sources */ = {isa = PBXBuildFile; fileRef = 113 /* LLMProvider.swift */; };
		014 /* UserProfile.swift in Sources */ = {isa = PBXBuildFile; fileRef = 114 /* UserProfile.swift */; };
		015 /* EquipmentProfile.swift in Sources */ = {isa = PBXBuildFile; fileRef = 115 /* EquipmentProfile.swift */; };
		016 /* Exercise.swift in Sources */ = {isa = PBXBuildFile; fileRef = 116 /* Exercise.swift */; };
		017 /* WorkoutTemplate.swift in Sources */ = {isa = PBXBuildFile; fileRef = 117 /* WorkoutTemplate.swift */; };
		018 /* WorkoutSession.swift in Sources */ = {isa = PBXBuildFile; fileRef = 118 /* WorkoutSession.swift */; };
		019 /* WorkoutSet.swift in Sources */ = {isa = PBXBuildFile; fileRef = 119 /* WorkoutSet.swift */; };
		020 /* PainFlag.swift in Sources */ = {isa = PBXBuildFile; fileRef = 120 /* PainFlag.swift */; };
		021 /* E1RMCalculator.swift in Sources */ = {isa = PBXBuildFile; fileRef = 121 /* E1RMCalculator.swift */; };
		022 /* PlateMathCalculator.swift in Sources */ = {isa = PBXBuildFile; fileRef = 122 /* PlateMathCalculator.swift */; };
		023 /* ExerciseLibrary.swift in Sources */ = {isa = PBXBuildFile; fileRef = 123 /* ExerciseLibrary.swift */; };
		024 /* SubstitutionGraph.swift in Sources */ = {isa = PBXBuildFile; fileRef = 124 /* SubstitutionGraph.swift */; };
		025 /* TemplateGenerator.swift in Sources */ = {isa = PBXBuildFile; fileRef = 125 /* TemplateGenerator.swift */; };
		026 /* LLMService.swift in Sources */ = {isa = PBXBuildFile; fileRef = 126 /* LLMService.swift */; };
		027 /* ClaudeProvider.swift in Sources */ = {isa = PBXBuildFile; fileRef = 127 /* ClaudeProvider.swift */; };
		028 /* OpenAIProvider.swift in Sources */ = {isa = PBXBuildFile; fileRef = 128 /* OpenAIProvider.swift */; };
		029 /* OfflineProgressionEngine.swift in Sources */ = {isa = PBXBuildFile; fileRef = 129 /* OfflineProgressionEngine.swift */; };
		030 /* OnboardingFlow.swift in Sources */ = {isa = PBXBuildFile; fileRef = 130 /* OnboardingFlow.swift */; };
		031 /* HomeView.swift in Sources */ = {isa = PBXBuildFile; fileRef = 131 /* HomeView.swift */; };
		032 /* ReadinessCheckSheet.swift in Sources */ = {isa = PBXBuildFile; fileRef = 132 /* ReadinessCheckSheet.swift */; };
		033 /* WorkoutView.swift in Sources */ = {isa = PBXBuildFile; fileRef = 133 /* WorkoutView.swift */; };
		034 /* RestTimerSheet.swift in Sources */ = {isa = PBXBuildFile; fileRef = 134 /* RestTimerSheet.swift */; };
		035 /* WorkoutSummarySheet.swift in Sources */ = {isa = PBXBuildFile; fileRef = 135 /* WorkoutSummarySheet.swift */; };
		036 /* ExerciseDetailView.swift in Sources */ = {isa = PBXBuildFile; fileRef = 136 /* ExerciseDetailView.swift */; };
		037 /* TemplatesView.swift in Sources */ = {isa = PBXBuildFile; fileRef = 137 /* TemplatesView.swift */; };
		038 /* ProgressView.swift in Sources */ = {isa = PBXBuildFile; fileRef = 138 /* ProgressView.swift */; };
		039 /* ProfileView.swift in Sources */ = {isa = PBXBuildFile; fileRef = 139 /* ProfileView.swift */; };
		040 /* Assets.xcassets in Resources */ = {isa = PBXBuildFile; fileRef = 140 /* Assets.xcassets */; };
		042 /* StallDetector.swift in Sources */ = {isa = PBXBuildFile; fileRef = 142 /* StallDetector.swift */; };
		043 /* CustomWorkoutSheet.swift in Sources */ = {isa = PBXBuildFile; fileRef = 143 /* CustomWorkoutSheet.swift */; };
		044 /* AppearanceMode.swift in Sources */ = {isa = PBXBuildFile; fileRef = 144 /* AppearanceMode.swift */; };
		045 /* DataTransferService.swift in Sources */ = {isa = PBXBuildFile; fileRef = 145 /* DataTransferService.swift */; };
		046 /* DataManagementView.swift in Sources */ = {isa = PBXBuildFile; fileRef = 146 /* DataManagementView.swift */; };
		047 /* PausedWorkout.swift in Sources */ = {isa = PBXBuildFile; fileRef = 147 /* PausedWorkout.swift */; };
		048 /* WeekType.swift in Sources */ = {isa = PBXBuildFile; fileRef = 148 /* WeekType.swift */; };
		049 /* WorkoutPlan.swift in Sources */ = {isa = PBXBuildFile; fileRef = 149 /* WorkoutPlan.swift */; };
		050 /* PlanWeek.swift in Sources */ = {isa = PBXBuildFile; fileRef = 150 /* PlanWeek.swift */; };
		051 /* PlanTemplateLibrary.swift in Sources */ = {isa = PBXBuildFile; fileRef = 151 /* PlanTemplateLibrary.swift */; };
		052 /* PlanProgressService.swift in Sources */ = {isa = PBXBuildFile; fileRef = 152 /* PlanProgressService.swift */; };
		053 /* PlansListView.swift in Sources */ = {isa = PBXBuildFile; fileRef = 153 /* PlansListView.swift */; };
		054 /* PlanDetailView.swift in Sources */ = {isa = PBXBuildFile; fileRef = 154 /* PlanDetailView.swift */; };
		055 /* CreatePlanSheet.swift in Sources */ = {isa = PBXBuildFile; fileRef = 155 /* CreatePlanSheet.swift */; };
		056 /* AIPlanGeneratorSheet.swift in Sources */ = {isa = PBXBuildFile; fileRef = 156 /* AIPlanGeneratorSheet.swift */; };
		057 /* WeekDetailView.swift in Sources */ = {isa = PBXBuildFile; fileRef = 157 /* WeekDetailView.swift */; };
		058 /* PlanTemplatesSheet.swift in Sources */ = {isa = PBXBuildFile; fileRef = 158 /* PlanTemplatesSheet.swift */; };
		059 /* ExerciseMatcher.swift in Sources */ = {isa = PBXBuildFile; fileRef = 159 /* ExerciseMatcher.swift */; };
		T001 /* E1RMCalculatorTests.swift in Sources */ = {isa = PBXBuildFile; fileRef = T101 /* E1RMCalculatorTests.swift */; };
		T002 /* ExerciseMatcherTests.swift in Sources */ = {isa = PBXBuildFile; fileRef = T102 /* ExerciseMatcherTests.swift */; };
		T003 /* LLMServiceTests.swift in Sources */ = {isa = PBXBuildFile; fileRef = T103 /* LLMServiceTests.swift */; };
		T004 /* ModelTests.swift in Sources */ = {isa = PBXBuildFile; fileRef = T104 /* ModelTests.swift */; };
		T005 /* OfflineProgressionEngineTests.swift in Sources */ = {isa = PBXBuildFile; fileRef = T105 /* OfflineProgressionEngineTests.swift */; };
		T006 /* PlateMathCalculatorTests.swift in Sources */ = {isa = PBXBuildFile; fileRef = T106 /* PlateMathCalculatorTests.swift */; };
		T007 /* StallDetectorTests.swift in Sources */ = {isa = PBXBuildFile; fileRef = T107 /* StallDetectorTests.swift */; };
		T008 /* SubstitutionGraphTests.swift in Sources */ = {isa = PBXBuildFile; fileRef = T108 /* SubstitutionGraphTests.swift */; };
		T011 /* WorkoutSessionTests.swift in Sources */ = {isa = PBXBuildFile; fileRef = T111 /* WorkoutSessionTests.swift */; };
		T012 /* DataTransferServiceTests.swift in Sources */ = {isa = PBXBuildFile; fileRef = T112 /* DataTransferServiceTests.swift */; };
		T013 /* WorkoutPlanTests.swift in Sources */ = {isa = PBXBuildFile; fileRef = T113 /* WorkoutPlanTests.swift */; };
		T014 /* CustomWorkoutTests.swift in Sources */ = {isa = PBXBuildFile; fileRef = T114 /* CustomWorkoutTests.swift */; };
		TS003 /* Goal.swift in Sources */ = {isa = PBXBuildFile; fileRef = 103 /* Goal.swift */; };
		TS004 /* Split.swift in Sources */ = {isa = PBXBuildFile; fileRef = 104 /* Split.swift */; };
		TS005 /* Location.swift in Sources */ = {isa = PBXBuildFile; fileRef = 105 /* Location.swift */; };
		TS006 /* MovementPattern.swift in Sources */ = {isa = PBXBuildFile; fileRef = 106 /* MovementPattern.swift */; };
		TS007 /* Muscle.swift in Sources */ = {isa = PBXBuildFile; fileRef = 107 /* Muscle.swift */; };
		TS008 /* Equipment.swift in Sources */ = {isa = PBXBuildFile; fileRef = 108 /* Equipment.swift */; };
		TS009 /* SetType.swift in Sources */ = {isa = PBXBuildFile; fileRef = 109 /* SetType.swift */; };
		TS010 /* ProgressionType.swift in Sources */ = {isa = PBXBuildFile; fileRef = 110 /* ProgressionType.swift */; };
		TS011 /* Readiness.swift in Sources */ = {isa = PBXBuildFile; fileRef = 111 /* Readiness.swift */; };
		TS012 /* UnitSystem.swift in Sources */ = {isa = PBXBuildFile; fileRef = 112 /* UnitSystem.swift */; };
		TS013 /* LLMProvider.swift in Sources */ = {isa = PBXBuildFile; fileRef = 113 /* LLMProvider.swift */; };
		TS014 /* UserProfile.swift in Sources */ = {isa = PBXBuildFile; fileRef = 114 /* UserProfile.swift */; };
		TS015 /* EquipmentProfile.swift in Sources */ = {isa = PBXBuildFile; fileRef = 115 /* EquipmentProfile.swift */; };
		TS016 /* Exercise.swift in Sources */ = {isa = PBXBuildFile; fileRef = 116 /* Exercise.swift */; };
		TS017 /* WorkoutTemplate.swift in Sources */ = {isa = PBXBuildFile; fileRef = 117 /* WorkoutTemplate.swift */; };
		TS018 /* WorkoutSession.swift in Sources */ = {isa = PBXBuildFile; fileRef = 118 /* WorkoutSession.swift */; };
		TS019 /* WorkoutSet.swift in Sources */ = {isa = PBXBuildFile; fileRef = 119 /* WorkoutSet.swift */; };
		TS020 /* PainFlag.swift in Sources */ = {isa = PBXBuildFile; fileRef = 120 /* PainFlag.swift */; };
		TS021 /* E1RMCalculator.swift in Sources */ = {isa = PBXBuildFile; fileRef = 121 /* E1RMCalculator.swift */; };
		TS022 /* PlateMathCalculator.swift in Sources */ = {isa = PBXBuildFile; fileRef = 122 /* PlateMathCalculator.swift */; };
		TS023 /* ExerciseLibrary.swift in Sources */ = {isa = PBXBuildFile; fileRef = 123 /* ExerciseLibrary.swift */; };
		TS024 /* SubstitutionGraph.swift in Sources */ = {isa = PBXBuildFile; fileRef = 124 /* SubstitutionGraph.swift */; };
		TS025 /* TemplateGenerator.swift in Sources */ = {isa = PBXBuildFile; fileRef = 125 /* TemplateGenerator.swift */; };
		TS026 /* LLMService.swift in Sources */ = {isa = PBXBuildFile; fileRef = 126 /* LLMService.swift */; };
		TS027 /* ClaudeProvider.swift in Sources */ = {isa = PBXBuildFile; fileRef = 127 /* ClaudeProvider.swift */; };
		TS028 /* OpenAIProvider.swift in Sources */ = {isa = PBXBuildFile; fileRef = 128 /* OpenAIProvider.swift */; };
		TS029 /* OfflineProgressionEngine.swift in Sources */ = {isa = PBXBuildFile; fileRef = 129 /* OfflineProgressionEngine.swift */; };
		TS042 /* StallDetector.swift in Sources */ = {isa = PBXBuildFile; fileRef = 142 /* StallDetector.swift */; };
		TS044 /* AppearanceMode.swift in Sources */ = {isa = PBXBuildFile; fileRef = 144 /* AppearanceMode.swift */; };
		TS045 /* DataTransferService.swift in Sources */ = {isa = PBXBuildFile; fileRef = 145 /* DataTransferService.swift */; };
		TS047 /* PausedWorkout.swift in Sources */ = {isa = PBXBuildFile; fileRef = 147 /* PausedWorkout.swift */; };
		TS048 /* WeekType.swift in Sources */ = {isa = PBXBuildFile; fileRef = 148 /* WeekType.swift */; };
		TS049 /* WorkoutPlan.swift in Sources */ = {isa = PBXBuildFile; fileRef = 149 /* WorkoutPlan.swift */; };
		TS050 /* PlanWeek.swift in Sources */ = {isa = PBXBuildFile; fileRef = 150 /* PlanWeek.swift */; };
		TS051 /* PlanTemplateLibrary.swift in Sources */ = {isa = PBXBuildFile; fileRef = 151 /* PlanTemplateLibrary.swift */; };
		TS052 /* PlanProgressService.swift in Sources */ = {isa = PBXBuildFile; fileRef = 152 /* PlanProgressService.swift */; };
		TS059 /* ExerciseMatcher.swift in Sources */ = {isa = PBXBuildFile; fileRef = 159 /* ExerciseMatcher.swift */; };
		U001 /* OnboardingUITests.swift in Sources */ = {isa = PBXBuildFile; fileRef = U101 /* OnboardingUITests.swift */; };
		U002 /* ProfileUITests.swift in Sources */ = {isa = PBXBuildFile; fileRef = U102 /* ProfileUITests.swift */; };
		U003 /* ProgressUITests.swift in Sources */ = {isa = PBXBuildFile; fileRef = U103 /* ProgressUITests.swift */; };
		U004 /* TemplatesUITests.swift in Sources */ = {isa = PBXBuildFile; fileRef = U104 /* TemplatesUITests.swift */; };
		U005 /* WorkoutFlowUITests.swift in Sources */ = {isa = PBXBuildFile; fileRef = U105 /* WorkoutFlowUITests.swift */; };
/* End PBXBuildFile section */

/* Begin PBXContainerItemProxy section */
		PXY001 /* PBXContainerItemProxy */ = {
			isa = PBXContainerItemProxy;
			containerPortal = 600 /* Project object */;
			proxyType = 1;
			remoteGlobalIDString = 400;
			remoteInfo = StrengthTracker;
		};
		PXY002 /* PBXContainerItemProxy */ = {
			isa = PBXContainerItemProxy;
			containerPortal = 600 /* Project object */;
			proxyType = 1;
			remoteGlobalIDString = 400;
			remoteInfo = StrengthTracker;
		};
/* End PBXContainerItemProxy section */

/* Begin PBXFileReference section */
		100 /* StrengthTracker.app */ = {isa = PBXFileReference; explicitFileType = wrapper.application; includeInIndex = 0; path = StrengthTracker.app; sourceTree = BUILT_PRODUCTS_DIR; };
		101 /* StrengthTrackerApp.swift */ = {isa = PBXFileReference; lastKnownFileType = sourcecode.swift; path = StrengthTrackerApp.swift; sourceTree = "<group>"; };
		102 /* ContentView.swift */ = {isa = PBXFileReference; lastKnownFileType = sourcecode.swift; path = ContentView.swift; sourceTree = "<group>"; };
		103 /* Goal.swift */ = {isa = PBXFileReference; lastKnownFileType = sourcecode.swift; path = Goal.swift; sourceTree = "<group>"; };
		104 /* Split.swift */ = {isa = PBXFileReference; lastKnownFileType = sourcecode.swift; path = Split.swift; sourceTree = "<group>"; };
		105 /* Location.swift */ = {isa = PBXFileReference; lastKnownFileType = sourcecode.swift; path = Location.swift; sourceTree = "<group>"; };
		106 /* MovementPattern.swift */ = {isa = PBXFileReference; lastKnownFileType = sourcecode.swift; path = MovementPattern.swift; sourceTree = "<group>"; };
		107 /* Muscle.swift */ = {isa = PBXFileReference; lastKnownFileType = sourcecode.swift; path = Muscle.swift; sourceTree = "<group>"; };
		108 /* Equipment.swift */ = {isa = PBXFileReference; lastKnownFileType = sourcecode.swift; path = Equipment.swift; sourceTree = "<group>"; };
		109 /* SetType.swift */ = {isa = PBXFileReference; lastKnownFileType = sourcecode.swift; path = SetType.swift; sourceTree = "<group>"; };
		110 /* ProgressionType.swift */ = {isa = PBXFileReference; lastKnownFileType = sourcecode.swift; path = ProgressionType.swift; sourceTree = "<group>"; };
		111 /* Readiness.swift */ = {isa = PBXFileReference; lastKnownFileType = sourcecode.swift; path = Readiness.swift; sourceTree = "<group>"; };
		112 /* UnitSystem.swift */ = {isa = PBXFileReference; lastKnownFileType = sourcecode.swift; path = UnitSystem.swift; sourceTree = "<group>"; };
		113 /* LLMProvider.swift */ = {isa = PBXFileReference; lastKnownFileType = sourcecode.swift; path = LLMProvider.swift; sourceTree = "<group>"; };
		114 /* UserProfile.swift */ = {isa = PBXFileReference; lastKnownFileType = sourcecode.swift; path = UserProfile.swift; sourceTree = "<group>"; };
		115 /* EquipmentProfile.swift */ = {isa = PBXFileReference; lastKnownFileType = sourcecode.swift; path = EquipmentProfile.swift; sourceTree = "<group>"; };
		116 /* Exercise.swift */ = {isa = PBXFileReference; lastKnownFileType = sourcecode.swift; path = Exercise.swift; sourceTree = "<group>"; };
		117 /* WorkoutTemplate.swift */ = {isa = PBXFileReference; lastKnownFileType = sourcecode.swift; path = WorkoutTemplate.swift; sourceTree = "<group>"; };
		118 /* WorkoutSession.swift */ = {isa = PBXFileReference; lastKnownFileType = sourcecode.swift; path = WorkoutSession.swift; sourceTree = "<group>"; };
		119 /* WorkoutSet.swift */ = {isa = PBXFileReference; lastKnownFileType = sourcecode.swift; path = WorkoutSet.swift; sourceTree = "<group>"; };
		120 /* PainFlag.swift */ = {isa = PBXFileReference; lastKnownFileType = sourcecode.swift; path = PainFlag.swift; sourceTree = "<group>"; };
		121 /* E1RMCalculator.swift */ = {isa = PBXFileReference; lastKnownFileType = sourcecode.swift; path = E1RMCalculator.swift; sourceTree = "<group>"; };
		122 /* PlateMathCalculator.swift */ = {isa = PBXFileReference; lastKnownFileType = sourcecode.swift; path = PlateMathCalculator.swift; sourceTree = "<group>"; };
		123 /* ExerciseLibrary.swift */ = {isa = PBXFileReference; lastKnownFileType = sourcecode.swift; path = ExerciseLibrary.swift; sourceTree = "<group>"; };
		124 /* SubstitutionGraph.swift */ = {isa = PBXFileReference; lastKnownFileType = sourcecode.swift; path = SubstitutionGraph.swift; sourceTree = "<group>"; };
		125 /* TemplateGenerator.swift */ = {isa = PBXFileReference; lastKnownFileType = sourcecode.swift; path = TemplateGenerator.swift; sourceTree = "<group>"; };
		126 /* LLMService.swift */ = {isa = PBXFileReference; lastKnownFileType = sourcecode.swift; path = LLMService.swift; sourceTree = "<group>"; };
		127 /* ClaudeProvider.swift */ = {isa = PBXFileReference; lastKnownFileType = sourcecode.swift; path = ClaudeProvider.swift; sourceTree = "<group>"; };
		128 /* OpenAIProvider.swift */ = {isa = PBXFileReference; lastKnownFileType = sourcecode.swift; path = OpenAIProvider.swift; sourceTree = "<group>"; };
		129 /* OfflineProgressionEngine.swift */ = {isa = PBXFileReference; lastKnownFileType = sourcecode.swift; path = OfflineProgressionEngine.swift; sourceTree = "<group>"; };
		130 /* OnboardingFlow.swift */ = {isa = PBXFileReference; lastKnownFileType = sourcecode.swift; path = OnboardingFlow.swift; sourceTree = "<group>"; };
		131 /* HomeView.swift */ = {isa = PBXFileReference; lastKnownFileType = sourcecode.swift; path = HomeView.swift; sourceTree = "<group>"; };
		132 /* ReadinessCheckSheet.swift */ = {isa = PBXFileReference; lastKnownFileType = sourcecode.swift; path = ReadinessCheckSheet.swift; sourceTree = "<group>"; };
		133 /* WorkoutView.swift */ = {isa = PBXFileReference; lastKnownFileType = sourcecode.swift; path = WorkoutView.swift; sourceTree = "<group>"; };
		134 /* RestTimerSheet.swift */ = {isa = PBXFileReference; lastKnownFileType = sourcecode.swift; path = RestTimerSheet.swift; sourceTree = "<group>"; };
		135 /* WorkoutSummarySheet.swift */ = {isa = PBXFileReference; lastKnownFileType = sourcecode.swift; path = WorkoutSummarySheet.swift; sourceTree = "<group>"; };
		136 /* ExerciseDetailView.swift */ = {isa = PBXFileReference; lastKnownFileType = sourcecode.swift; path = ExerciseDetailView.swift; sourceTree = "<group>"; };
		137 /* TemplatesView.swift */ = {isa = PBXFileReference; lastKnownFileType = sourcecode.swift; path = TemplatesView.swift; sourceTree = "<group>"; };
		138 /* ProgressView.swift */ = {isa = PBXFileReference; lastKnownFileType = sourcecode.swift; path = ProgressView.swift; sourceTree = "<group>"; };
		139 /* ProfileView.swift */ = {isa = PBXFileReference; lastKnownFileType = sourcecode.swift; path = ProfileView.swift; sourceTree = "<group>"; };
		140 /* Assets.xcassets */ = {isa = PBXFileReference; lastKnownFileType = folder.assetcatalog; path = Assets.xcassets; sourceTree = "<group>"; };
		142 /* StallDetector.swift */ = {isa = PBXFileReference; lastKnownFileType = sourcecode.swift; path = StallDetector.swift; sourceTree = "<group>"; };
		143 /* CustomWorkoutSheet.swift */ = {isa = PBXFileReference; lastKnownFileType = sourcecode.swift; path = CustomWorkoutSheet.swift; sourceTree = "<group>"; };
		144 /* AppearanceMode.swift */ = {isa = PBXFileReference; lastKnownFileType = sourcecode.swift; path = AppearanceMode.swift; sourceTree = "<group>"; };
		145 /* DataTransferService.swift */ = {isa = PBXFileReference; lastKnownFileType = sourcecode.swift; path = DataTransferService.swift; sourceTree = "<group>"; };
		146 /* DataManagementView.swift */ = {isa = PBXFileReference; lastKnownFileType = sourcecode.swift; path = DataManagementView.swift; sourceTree = "<group>"; };
		147 /* PausedWorkout.swift */ = {isa = PBXFileReference; lastKnownFileType = sourcecode.swift; path = PausedWorkout.swift; sourceTree = "<group>"; };
		148 /* WeekType.swift */ = {isa = PBXFileReference; lastKnownFileType = sourcecode.swift; path = WeekType.swift; sourceTree = "<group>"; };
		149 /* WorkoutPlan.swift */ = {isa = PBXFileReference; lastKnownFileType = sourcecode.swift; path = WorkoutPlan.swift; sourceTree = "<group>"; };
		150 /* PlanWeek.swift */ = {isa = PBXFileReference; lastKnownFileType = sourcecode.swift; path = PlanWeek.swift; sourceTree = "<group>"; };
		151 /* PlanTemplateLibrary.swift */ = {isa = PBXFileReference; lastKnownFileType = sourcecode.swift; path = PlanTemplateLibrary.swift; sourceTree = "<group>"; };
		152 /* PlanProgressService.swift */ = {isa = PBXFileReference; lastKnownFileType = sourcecode.swift; path = PlanProgressService.swift; sourceTree = "<group>"; };
		153 /* PlansListView.swift */ = {isa = PBXFileReference; lastKnownFileType = sourcecode.swift; path = PlansListView.swift; sourceTree = "<group>"; };
		154 /* PlanDetailView.swift */ = {isa = PBXFileReference; lastKnownFileType = sourcecode.swift; path = PlanDetailView.swift; sourceTree = "<group>"; };
		155 /* CreatePlanSheet.swift */ = {isa = PBXFileReference; lastKnownFileType = sourcecode.swift; path = CreatePlanSheet.swift; sourceTree = "<group>"; };
		156 /* AIPlanGeneratorSheet.swift */ = {isa = PBXFileReference; lastKnownFileType = sourcecode.swift; path = AIPlanGeneratorSheet.swift; sourceTree = "<group>"; };
		157 /* WeekDetailView.swift */ = {isa = PBXFileReference; lastKnownFileType = sourcecode.swift; path = WeekDetailView.swift; sourceTree = "<group>"; };
		158 /* PlanTemplatesSheet.swift */ = {isa = PBXFileReference; lastKnownFileType = sourcecode.swift; path = PlanTemplatesSheet.swift; sourceTree = "<group>"; };
		159 /* ExerciseMatcher.swift */ = {isa = PBXFileReference; lastKnownFileType = sourcecode.swift; path = ExerciseMatcher.swift; sourceTree = "<group>"; };
		T100 /* StrengthTrackerTests.xctest */ = {isa = PBXFileReference; explicitFileType = wrapper.cfbundle; includeInIndex = 0; path = StrengthTrackerTests.xctest; sourceTree = BUILT_PRODUCTS_DIR; };
		T101 /* E1RMCalculatorTests.swift */ = {isa = PBXFileReference; lastKnownFileType = sourcecode.swift; path = E1RMCalculatorTests.swift; sourceTree = "<group>"; };
		T102 /* ExerciseMatcherTests.swift */ = {isa = PBXFileReference; lastKnownFileType = sourcecode.swift; path = ExerciseMatcherTests.swift; sourceTree = "<group>"; };
		T103 /* LLMServiceTests.swift */ = {isa = PBXFileReference; lastKnownFileType = sourcecode.swift; path = LLMServiceTests.swift; sourceTree = "<group>"; };
		T104 /* ModelTests.swift */ = {isa = PBXFileReference; lastKnownFileType = sourcecode.swift; path = ModelTests.swift; sourceTree = "<group>"; };
		T105 /* OfflineProgressionEngineTests.swift */ = {isa = PBXFileReference; lastKnownFileType = sourcecode.swift; path = OfflineProgressionEngineTests.swift; sourceTree = "<group>"; };
		T106 /* PlateMathCalculatorTests.swift */ = {isa = PBXFileReference; lastKnownFileType = sourcecode.swift; path = PlateMathCalculatorTests.swift; sourceTree = "<group>"; };
		T107 /* StallDetectorTests.swift */ = {isa = PBXFileReference; lastKnownFileType = sourcecode.swift; path = StallDetectorTests.swift; sourceTree = "<group>"; };
		T108 /* SubstitutionGraphTests.swift */ = {isa = PBXFileReference; lastKnownFileType = sourcecode.swift; path = SubstitutionGraphTests.swift; sourceTree = "<group>"; };
		T111 /* WorkoutSessionTests.swift */ = {isa = PBXFileReference; lastKnownFileType = sourcecode.swift; path = WorkoutSessionTests.swift; sourceTree = "<group>"; };
		T112 /* DataTransferServiceTests.swift */ = {isa = PBXFileReference; lastKnownFileType = sourcecode.swift; path = DataTransferServiceTests.swift; sourceTree = "<group>"; };
		T113 /* WorkoutPlanTests.swift */ = {isa = PBXFileReference; lastKnownFileType = sourcecode.swift; path = WorkoutPlanTests.swift; sourceTree = "<group>"; };
		T114 /* CustomWorkoutTests.swift */ = {isa = PBXFileReference; lastKnownFileType = sourcecode.swift; path = CustomWorkoutTests.swift; sourceTree = "<group>"; };
		U100 /* StrengthTrackerUITests.xctest */ = {isa = PBXFileReference; explicitFileType = wrapper.cfbundle; includeInIndex = 0; path = StrengthTrackerUITests.xctest; sourceTree = BUILT_PRODUCTS_DIR; };
		U101 /* OnboardingUITests.swift */ = {isa = PBXFileReference; lastKnownFileType = sourcecode.swift; path = OnboardingUITests.swift; sourceTree = "<group>"; };
		U102 /* ProfileUITests.swift */ = {isa = PBXFileReference; lastKnownFileType = sourcecode.swift; path = ProfileUITests.swift; sourceTree = "<group>"; };
		U103 /* ProgressUITests.swift */ = {isa = PBXFileReference; lastKnownFileType = sourcecode.swift; path = ProgressUITests.swift; sourceTree = "<group>"; };
		U104 /* TemplatesUITests.swift */ = {isa = PBXFileReference; lastKnownFileType = sourcecode.swift; path = TemplatesUITests.swift; sourceTree = "<group>"; };
		U105 /* WorkoutFlowUITests.swift */ = {isa = PBXFileReference; lastKnownFileType = sourcecode.swift; path = WorkoutFlowUITests.swift; sourceTree = "<group>"; };
/* End PBXFileReference section */

/* Begin PBXFrameworksBuildPhase section */
		200 /* Frameworks */ = {
			isa = PBXFrameworksBuildPhase;
			buildActionMask = 2147483647;
			files = (
			);
			runOnlyForDeploymentPostprocessing = 0;
		};
		T200 /* Frameworks */ = {
			isa = PBXFrameworksBuildPhase;
			buildActionMask = 2147483647;
			files = (
			);
			runOnlyForDeploymentPostprocessing = 0;
		};
		U200 /* Frameworks */ = {
			isa = PBXFrameworksBuildPhase;
			buildActionMask = 2147483647;
			files = (
			);
			runOnlyForDeploymentPostprocessing = 0;
		};
/* End PBXFrameworksBuildPhase section */

/* Begin PBXGroup section */
		300 = {
			isa = PBXGroup;
			children = (
				301 /* StrengthTracker */,
				T300 /* StrengthTrackerTests */,
				U300 /* StrengthTrackerUITests */,
				302 /* Products */,
			);
			sourceTree = "<group>";
		};
		301 /* StrengthTracker */ = {
			isa = PBXGroup;
			children = (
				303 /* App */,
				304 /* Models */,
				305 /* Agent */,
				306 /* Services */,
				307 /* Utilities */,
				308 /* Views */,
				140 /* Assets.xcassets */,
			);
			path = StrengthTracker;
			sourceTree = "<group>";
		};
		302 /* Products */ = {
			isa = PBXGroup;
			children = (
				100 /* StrengthTracker.app */,
				T100 /* StrengthTrackerTests.xctest */,
				U100 /* StrengthTrackerUITests.xctest */,
			);
			name = Products;
			sourceTree = "<group>";
		};
		303 /* App */ = {
			isa = PBXGroup;
			children = (
				101 /* StrengthTrackerApp.swift */,
				102 /* ContentView.swift */,
			);
			path = App;
			sourceTree = "<group>";
		};
		304 /* Models */ = {
			isa = PBXGroup;
			children = (
				309 /* Enums */,
				114 /* UserProfile.swift */,
				115 /* EquipmentProfile.swift */,
				116 /* Exercise.swift */,
				117 /* WorkoutTemplate.swift */,
				118 /* WorkoutSession.swift */,
				119 /* WorkoutSet.swift */,
				120 /* PainFlag.swift */,
				147 /* PausedWorkout.swift */,
				149 /* WorkoutPlan.swift */,
				150 /* PlanWeek.swift */,
			);
			path = Models;
			sourceTree = "<group>";
		};
		305 /* Agent */ = {
			isa = PBXGroup;
			children = (
				126 /* LLMService.swift */,
				127 /* ClaudeProvider.swift */,
				128 /* OpenAIProvider.swift */,
				129 /* OfflineProgressionEngine.swift */,
			);
			path = Agent;
			sourceTree = "<group>";
		};
		306 /* Services */ = {
			isa = PBXGroup;
			children = (
				123 /* ExerciseLibrary.swift */,
				124 /* SubstitutionGraph.swift */,
				125 /* TemplateGenerator.swift */,
				142 /* StallDetector.swift */,
				145 /* DataTransferService.swift */,
				151 /* PlanTemplateLibrary.swift */,
				152 /* PlanProgressService.swift */,
			);
			path = Services;
			sourceTree = "<group>";
		};
		307 /* Utilities */ = {
			isa = PBXGroup;
			children = (
				121 /* E1RMCalculator.swift */,
				159 /* ExerciseMatcher.swift */,
				122 /* PlateMathCalculator.swift */,
			);
			path = Utilities;
			sourceTree = "<group>";
		};
		308 /* Views */ = {
			isa = PBXGroup;
			children = (
				310 /* Onboarding */,
				311 /* Home */,
				312 /* Workout */,
				313 /* Exercise */,
				314 /* Templates */,
				315 /* Progress */,
				316 /* Profile */,
				317 /* Plans */,
			);
			path = Views;
			sourceTree = "<group>";
		};
		309 /* Enums */ = {
			isa = PBXGroup;
			children = (
				103 /* Goal.swift */,
				104 /* Split.swift */,
				105 /* Location.swift */,
				106 /* MovementPattern.swift */,
				107 /* Muscle.swift */,
				108 /* Equipment.swift */,
				109 /* SetType.swift */,
				110 /* ProgressionType.swift */,
				111 /* Readiness.swift */,
				112 /* UnitSystem.swift */,
				113 /* LLMProvider.swift */,
				144 /* AppearanceMode.swift */,
				148 /* WeekType.swift */,
			);
			path = Enums;
			sourceTree = "<group>";
		};
		310 /* Onboarding */ = {
			isa = PBXGroup;
			children = (
				130 /* OnboardingFlow.swift */,
			);
			path = Onboarding;
			sourceTree = "<group>";
		};
		311 /* Home */ = {
			isa = PBXGroup;
			children = (
				131 /* HomeView.swift */,
				132 /* ReadinessCheckSheet.swift */,
				143 /* CustomWorkoutSheet.swift */,
			);
			path = Home;
			sourceTree = "<group>";
		};
		312 /* Workout */ = {
			isa = PBXGroup;
			children = (
				133 /* WorkoutView.swift */,
				134 /* RestTimerSheet.swift */,
				135 /* WorkoutSummarySheet.swift */,
			);
			path = Workout;
			sourceTree = "<group>";
		};
		313 /* Exercise */ = {
			isa = PBXGroup;
			children = (
				136 /* ExerciseDetailView.swift */,
			);
			path = Exercise;
			sourceTree = "<group>";
		};
		314 /* Templates */ = {
			isa = PBXGroup;
			children = (
				137 /* TemplatesView.swift */,
			);
			path = Templates;
			sourceTree = "<group>";
		};
		315 /* Progress */ = {
			isa = PBXGroup;
			children = (
				138 /* ProgressView.swift */,
			);
			path = Progress;
			sourceTree = "<group>";
		};
		316 /* Profile */ = {
			isa = PBXGroup;
			children = (
				139 /* ProfileView.swift */,
				146 /* DataManagementView.swift */,
			);
			path = Profile;
			sourceTree = "<group>";
		};
		317 /* Plans */ = {
			isa = PBXGroup;
			children = (
				153 /* PlansListView.swift */,
				154 /* PlanDetailView.swift */,
				155 /* CreatePlanSheet.swift */,
				156 /* AIPlanGeneratorSheet.swift */,
				157 /* WeekDetailView.swift */,
				158 /* PlanTemplatesSheet.swift */,
			);
			path = Plans;
			sourceTree = "<group>";
		};
		T300 /* StrengthTrackerTests */ = {
			isa = PBXGroup;
			children = (
				T101 /* E1RMCalculatorTests.swift */,
				T102 /* ExerciseMatcherTests.swift */,
				T103 /* LLMServiceTests.swift */,
				T104 /* ModelTests.swift */,
				T105 /* OfflineProgressionEngineTests.swift */,
				T106 /* PlateMathCalculatorTests.swift */,
				T107 /* StallDetectorTests.swift */,
				T108 /* SubstitutionGraphTests.swift */,
				T111 /* WorkoutSessionTests.swift */,
				T112 /* DataTransferServiceTests.swift */,
				T113 /* WorkoutPlanTests.swift */,
				T114 /* CustomWorkoutTests.swift */,
			);
			path = StrengthTrackerTests;
			sourceTree = "<group>";
		};
		U300 /* StrengthTrackerUITests */ = {
			isa = PBXGroup;
			children = (
				U101 /* OnboardingUITests.swift */,
				U102 /* ProfileUITests.swift */,
				U103 /* ProgressUITests.swift */,
				U104 /* TemplatesUITests.swift */,
				U105 /* WorkoutFlowUITests.swift */,
			);
			path = StrengthTrackerUITests;
			sourceTree = "<group>";
		};
/* End PBXGroup section */

/* Begin PBXNativeTarget section */
		400 /* StrengthTracker */ = {
			isa = PBXNativeTarget;
			buildConfigurationList = 500 /* Build configuration list for PBXNativeTarget "StrengthTracker" */;
			buildPhases = (
				401 /* Sources */,
				200 /* Frameworks */,
				402 /* Resources */,
			);
			buildRules = (
			);
			dependencies = (
			);
			name = StrengthTracker;
			productName = StrengthTracker;
			productReference = 100 /* StrengthTracker.app */;
			productType = "com.apple.product-type.application";
		};
		T400 /* StrengthTrackerTests */ = {
			isa = PBXNativeTarget;
			buildConfigurationList = T500 /* Build configuration list for PBXNativeTarget "StrengthTrackerTests" */;
			buildPhases = (
				T401 /* Sources */,
				T200 /* Frameworks */,
				T402 /* Resources */,
			);
			buildRules = (
			);
			dependencies = (
				T403 /* PBXTargetDependency */,
			);
			name = StrengthTrackerTests;
			productName = StrengthTrackerTests;
			productReference = T100 /* StrengthTrackerTests.xctest */;
			productType = "com.apple.product-type.bundle.unit-test";
		};
		U400 /* StrengthTrackerUITests */ = {
			isa = PBXNativeTarget;
			buildConfigurationList = U500 /* Build configuration list for PBXNativeTarget "StrengthTrackerUITests" */;
			buildPhases = (
				U401 /* Sources */,
				U200 /* Frameworks */,
				U402 /* Resources */,
			);
			buildRules = (
			);
			dependencies = (
				U403 /* PBXTargetDependency */,
			);
			name = StrengthTrackerUITests;
			productName = StrengthTrackerUITests;
			productReference = U100 /* StrengthTrackerUITests.xctest */;
			productType = "com.apple.product-type.bundle.ui-testing";
		};
/* End PBXNativeTarget section */

/* Begin PBXProject section */
		600 /* Project object */ = {
			isa = PBXProject;
			attributes = {
				BuildIndependentTargetsInParallel = 1;
				LastSwiftUpdateCheck = 1500;
				LastUpgradeCheck = 1500;
				TargetAttributes = {
					400 = {
						CreatedOnToolsVersion = 15.0;
					};
					T400 = {
						CreatedOnToolsVersion = 15.0;
						TestTargetID = 400;
					};
					U400 = {
						CreatedOnToolsVersion = 15.0;
						TestTargetID = 400;
					};
				};
			};
			buildConfigurationList = 601 /* Build configuration list for PBXProject "StrengthTracker" */;
			compatibilityVersion = "Xcode 14.0";
			developmentRegion = en;
			hasScannedForEncodings = 0;
			knownRegions = (
				en,
				Base,
			);
			mainGroup = 300;
			productRefGroup = 302 /* Products */;
			projectDirPath = "";
			projectRoot = "";
			targets = (
				400 /* StrengthTracker */,
				T400 /* StrengthTrackerTests */,
				U400 /* StrengthTrackerUITests */,
			);
		};
/* End PBXProject section */

/* Begin PBXResourcesBuildPhase section */
		402 /* Resources */ = {
			isa = PBXResourcesBuildPhase;
			buildActionMask = 2147483647;
			files = (
				040 /* Assets.xcassets in Resources */,
			);
			runOnlyForDeploymentPostprocessing = 0;
		};
		T402 /* Resources */ = {
			isa = PBXResourcesBuildPhase;
			buildActionMask = 2147483647;
			files = (
			);
			runOnlyForDeploymentPostprocessing = 0;
		};
		U402 /* Resources */ = {
			isa = PBXResourcesBuildPhase;
			buildActionMask = 2147483647;
			files = (
			);
			runOnlyForDeploymentPostprocessing = 0;
		};
/* End PBXResourcesBuildPhase section */

/* Begin PBXSourcesBuildPhase section */
		401 /* Sources */ = {
			isa = PBXSourcesBuildPhase;
			buildActionMask = 2147483647;
			files = (
				001 /* StrengthTrackerApp.swift in Sources */,
				002 /* ContentView.swift in Sources */,
				003 /* Goal.swift in Sources */,
				004 /* Split.swift in Sources */,
				005 /* Location.swift in Sources */,
				006 /* MovementPattern.swift in Sources */,
				007 /* Muscle.swift in Sources */,
				008 /* Equipment.swift in Sources */,
				009 /* SetType.swift in Sources */,
				010 /* ProgressionType.swift in Sources */,
				011 /* Readiness.swift in Sources */,
				012 /* UnitSystem.swift in Sources */,
				013 /* LLMProvider.swift in Sources */,
				014 /* UserProfile.swift in Sources */,
				015 /* EquipmentProfile.swift in Sources */,
				016 /* Exercise.swift in Sources */,
				017 /* WorkoutTemplate.swift in Sources */,
				018 /* WorkoutSession.swift in Sources */,
				019 /* WorkoutSet.swift in Sources */,
				020 /* PainFlag.swift in Sources */,
				021 /* E1RMCalculator.swift in Sources */,
				022 /* PlateMathCalculator.swift in Sources */,
				023 /* ExerciseLibrary.swift in Sources */,
				024 /* SubstitutionGraph.swift in Sources */,
				025 /* TemplateGenerator.swift in Sources */,
				026 /* LLMService.swift in Sources */,
				027 /* ClaudeProvider.swift in Sources */,
				028 /* OpenAIProvider.swift in Sources */,
				029 /* OfflineProgressionEngine.swift in Sources */,
				030 /* OnboardingFlow.swift in Sources */,
				031 /* HomeView.swift in Sources */,
				032 /* ReadinessCheckSheet.swift in Sources */,
				033 /* WorkoutView.swift in Sources */,
				034 /* RestTimerSheet.swift in Sources */,
				035 /* WorkoutSummarySheet.swift in Sources */,
				036 /* ExerciseDetailView.swift in Sources */,
				037 /* TemplatesView.swift in Sources */,
				038 /* ProgressView.swift in Sources */,
				039 /* ProfileView.swift in Sources */,
				042 /* StallDetector.swift in Sources */,
				043 /* CustomWorkoutSheet.swift in Sources */,
				044 /* AppearanceMode.swift in Sources */,
				045 /* DataTransferService.swift in Sources */,
				046 /* DataManagementView.swift in Sources */,
				047 /* PausedWorkout.swift in Sources */,
				048 /* WeekType.swift in Sources */,
				049 /* WorkoutPlan.swift in Sources */,
				050 /* PlanWeek.swift in Sources */,
				051 /* PlanTemplateLibrary.swift in Sources */,
				052 /* PlanProgressService.swift in Sources */,
				053 /* PlansListView.swift in Sources */,
				054 /* PlanDetailView.swift in Sources */,
				055 /* CreatePlanSheet.swift in Sources */,
				056 /* AIPlanGeneratorSheet.swift in Sources */,
				057 /* WeekDetailView.swift in Sources */,
				058 /* PlanTemplatesSheet.swift in Sources */,
				059 /* ExerciseMatcher.swift in Sources */,
			);
			runOnlyForDeploymentPostprocessing = 0;
		};
		T401 /* Sources */ = {
			isa = PBXSourcesBuildPhase;
			buildActionMask = 2147483647;
			files = (
				TS003 /* Goal.swift in Sources */,
				TS004 /* Split.swift in Sources */,
				TS005 /* Location.swift in Sources */,
				TS006 /* MovementPattern.swift in Sources */,
				TS007 /* Muscle.swift in Sources */,
				TS008 /* Equipment.swift in Sources */,
				TS009 /* SetType.swift in Sources */,
				TS010 /* ProgressionType.swift in Sources */,
				TS011 /* Readiness.swift in Sources */,
				TS012 /* UnitSystem.swift in Sources */,
				TS013 /* LLMProvider.swift in Sources */,
				TS014 /* UserProfile.swift in Sources */,
				TS015 /* EquipmentProfile.swift in Sources */,
				TS016 /* Exercise.swift in Sources */,
				TS017 /* WorkoutTemplate.swift in Sources */,
				TS018 /* WorkoutSession.swift in Sources */,
				TS019 /* WorkoutSet.swift in Sources */,
				TS020 /* PainFlag.swift in Sources */,
				TS021 /* E1RMCalculator.swift in Sources */,
				TS022 /* PlateMathCalculator.swift in Sources */,
				TS023 /* ExerciseLibrary.swift in Sources */,
				TS024 /* SubstitutionGraph.swift in Sources */,
				TS025 /* TemplateGenerator.swift in Sources */,
				TS026 /* LLMService.swift in Sources */,
				TS027 /* ClaudeProvider.swift in Sources */,
				TS028 /* OpenAIProvider.swift in Sources */,
				TS029 /* OfflineProgressionEngine.swift in Sources */,
				TS042 /* StallDetector.swift in Sources */,
				TS044 /* AppearanceMode.swift in Sources */,
				TS045 /* DataTransferService.swift in Sources */,
				TS047 /* PausedWorkout.swift in Sources */,
				TS048 /* WeekType.swift in Sources */,
				TS049 /* WorkoutPlan.swift in Sources */,
				TS050 /* PlanWeek.swift in Sources */,
				TS051 /* PlanTemplateLibrary.swift in Sources */,
				TS052 /* PlanProgressService.swift in Sources */,
				TS059 /* ExerciseMatcher.swift in Sources */,
				T001 /* E1RMCalculatorTests.swift in Sources */,
				T002 /* ExerciseMatcherTests.swift in Sources */,
				T003 /* LLMServiceTests.swift in Sources */,
				T004 /* ModelTests.swift in Sources */,
				T005 /* OfflineProgressionEngineTests.swift in Sources */,
				T006 /* PlateMathCalculatorTests.swift in Sources */,
				T007 /* StallDetectorTests.swift in Sources */,
				T008 /* SubstitutionGraphTests.swift in Sources */,
				T011 /* WorkoutSessionTests.swift in Sources */,
				T012 /* DataTransferServiceTests.swift in Sources */,
				T013 /* WorkoutPlanTests.swift in Sources */,
				T014 /* CustomWorkoutTests.swift in Sources */,
			);
			runOnlyForDeploymentPostprocessing = 0;
		};
		U401 /* Sources */ = {
			isa = PBXSourcesBuildPhase;
			buildActionMask = 2147483647;
			files = (
				U001 /* OnboardingUITests.swift in Sources */,
				U002 /* ProfileUITests.swift in Sources */,
				U003 /* ProgressUITests.swift in Sources */,
				U004 /* TemplatesUITests.swift in Sources */,
				U005 /* WorkoutFlowUITests.swift in Sources */,
			);
			runOnlyForDeploymentPostprocessing = 0;
		};
/* End PBXSourcesBuildPhase section */

/* Begin PBXTargetDependency section */
		T403 /* PBXTargetDependency */ = {
			isa = PBXTargetDependency;
			target = 400 /* StrengthTracker */;
			targetProxy = PXY001 /* PBXContainerItemProxy */;
		};
		U403 /* PBXTargetDependency */ = {
			isa = PBXTargetDependency;
			target = 400 /* StrengthTracker */;
			targetProxy = PXY002 /* PBXContainerItemProxy */;
		};
/* End PBXTargetDependency section */

/* Begin XCBuildConfiguration section */
		700 /* Debug */ = {
			isa = XCBuildConfiguration;
			buildSettings = {
				ALWAYS_SEARCH_USER_PATHS = NO;
				ASSETCATALOG_COMPILER_GENERATE_SWIFT_ASSET_SYMBOL_EXTENSIONS = YES;
				CLANG_ANALYZER_NONNULL = YES;
				CLANG_ANALYZER_NUMBER_OBJECT_CONVERSION = YES_AGGRESSIVE;
				CLANG_CXX_LANGUAGE_STANDARD = "gnu++20";
				CLANG_ENABLE_MODULES = YES;
				CLANG_ENABLE_OBJC_ARC = YES;
				CLANG_ENABLE_OBJC_WEAK = YES;
				CLANG_WARN_BLOCK_CAPTURE_AUTORELEASING = YES;
				CLANG_WARN_BOOL_CONVERSION = YES;
				CLANG_WARN_COMMA = YES;
				CLANG_WARN_CONSTANT_CONVERSION = YES;
				CLANG_WARN_DEPRECATED_OBJC_IMPLEMENTATIONS = YES;
				CLANG_WARN_DIRECT_OBJC_ISA_USAGE = YES_ERROR;
				CLANG_WARN_DOCUMENTATION_COMMENTS = YES;
				CLANG_WARN_EMPTY_BODY = YES;
				CLANG_WARN_ENUM_CONVERSION = YES;
				CLANG_WARN_INFINITE_RECURSION = YES;
				CLANG_WARN_INT_CONVERSION = YES;
				CLANG_WARN_NON_LITERAL_NULL_CONVERSION = YES;
				CLANG_WARN_OBJC_IMPLICIT_RETAIN_SELF = YES;
				CLANG_WARN_OBJC_LITERAL_CONVERSION = YES;
				CLANG_WARN_OBJC_ROOT_CLASS = YES_ERROR;
				CLANG_WARN_QUOTED_INCLUDE_IN_FRAMEWORK_HEADER = YES;
				CLANG_WARN_RANGE_LOOP_ANALYSIS = YES;
				CLANG_WARN_STRICT_PROTOTYPES = YES;
				CLANG_WARN_SUSPICIOUS_MOVE = YES;
				CLANG_WARN_UNGUARDED_AVAILABILITY = YES_AGGRESSIVE;
				CLANG_WARN_UNREACHABLE_CODE = YES;
				CLANG_WARN__DUPLICATE_METHOD_MATCH = YES;
				COPY_PHASE_STRIP = NO;
				DEBUG_INFORMATION_FORMAT = dwarf;
				ENABLE_STRICT_OBJC_MSGSEND = YES;
				ENABLE_TESTABILITY = YES;
				ENABLE_USER_SCRIPT_SANDBOXING = YES;
				GCC_C_LANGUAGE_STANDARD = gnu17;
				GCC_DYNAMIC_NO_PIC = NO;
				GCC_NO_COMMON_BLOCKS = YES;
				GCC_OPTIMIZATION_LEVEL = 0;
				GCC_PREPROCESSOR_DEFINITIONS = (
					"DEBUG=1",
					"$(inherited)",
				);
				GCC_WARN_64_TO_32_BIT_CONVERSION = YES;
				GCC_WARN_ABOUT_RETURN_TYPE = YES_ERROR;
				GCC_WARN_UNDECLARED_SELECTOR = YES;
				GCC_WARN_UNINITIALIZED_AUTOS = YES_AGGRESSIVE;
				GCC_WARN_UNUSED_FUNCTION = YES;
				GCC_WARN_UNUSED_VARIABLE = YES;
				IPHONEOS_DEPLOYMENT_TARGET = 17.0;
				LOCALIZATION_PREFERS_STRING_CATALOGS = YES;
				MTL_ENABLE_DEBUG_INFO = INCLUDE_SOURCE;
				MTL_FAST_MATH = YES;
				ONLY_ACTIVE_ARCH = YES;
				SDKROOT = iphoneos;
				SWIFT_ACTIVE_COMPILATION_CONDITIONS = "DEBUG $(inherited)";
				SWIFT_OPTIMIZATION_LEVEL = "-Onone";
			};
			name = Debug;
		};
		701 /* Release */ = {
			isa = XCBuildConfiguration;
			buildSettings = {
				ALWAYS_SEARCH_USER_PATHS = NO;
				ASSETCATALOG_COMPILER_GENERATE_SWIFT_ASSET_SYMBOL_EXTENSIONS = YES;
				CLANG_ANALYZER_NONNULL = YES;
				CLANG_ANALYZER_NUMBER_OBJECT_CONVERSION = YES_AGGRESSIVE;
				CLANG_CXX_LANGUAGE_STANDARD = "gnu++20";
				CLANG_ENABLE_MODULES = YES;
				CLANG_ENABLE_OBJC_ARC = YES;
				CLANG_ENABLE_OBJC_WEAK = YES;
				CLANG_WARN_BLOCK_CAPTURE_AUTORELEASING = YES;
				CLANG_WARN_BOOL_CONVERSION = YES;
				CLANG_WARN_COMMA = YES;
				CLANG_WARN_CONSTANT_CONVERSION = YES;
				CLANG_WARN_DEPRECATED_OBJC_IMPLEMENTATIONS = YES;
				CLANG_WARN_DIRECT_OBJC_ISA_USAGE = YES_ERROR;
				CLANG_WARN_DOCUMENTATION_COMMENTS = YES;
				CLANG_WARN_EMPTY_BODY = YES;
				CLANG_WARN_ENUM_CONVERSION = YES;
				CLANG_WARN_INFINITE_RECURSION = YES;
				CLANG_WARN_INT_CONVERSION = YES;
				CLANG_WARN_NON_LITERAL_NULL_CONVERSION = YES;
				CLANG_WARN_OBJC_IMPLICIT_RETAIN_SELF = YES;
				CLANG_WARN_OBJC_LITERAL_CONVERSION = YES;
				CLANG_WARN_OBJC_ROOT_CLASS = YES_ERROR;
				CLANG_WARN_QUOTED_INCLUDE_IN_FRAMEWORK_HEADER = YES;
				CLANG_WARN_RANGE_LOOP_ANALYSIS = YES;
				CLANG_WARN_STRICT_PROTOTYPES = YES;
				CLANG_WARN_SUSPICIOUS_MOVE = YES;
				CLANG_WARN_UNGUARDED_AVAILABILITY = YES_AGGRESSIVE;
				CLANG_WARN_UNREACHABLE_CODE = YES;
				CLANG_WARN__DUPLICATE_METHOD_MATCH = YES;
				COPY_PHASE_STRIP = NO;
				DEBUG_INFORMATION_FORMAT = "dwarf-with-dsym";
				ENABLE_NS_ASSERTIONS = NO;
				ENABLE_STRICT_OBJC_MSGSEND = YES;
				ENABLE_USER_SCRIPT_SANDBOXING = YES;
				GCC_C_LANGUAGE_STANDARD = gnu17;
				GCC_NO_COMMON_BLOCKS = YES;
				GCC_WARN_64_TO_32_BIT_CONVERSION = YES;
				GCC_WARN_ABOUT_RETURN_TYPE = YES_ERROR;
				GCC_WARN_UNDECLARED_SELECTOR = YES;
				GCC_WARN_UNINITIALIZED_AUTOS = YES_AGGRESSIVE;
				GCC_WARN_UNUSED_FUNCTION = YES;
				GCC_WARN_UNUSED_VARIABLE = YES;
				IPHONEOS_DEPLOYMENT_TARGET = 17.0;
				LOCALIZATION_PREFERS_STRING_CATALOGS = YES;
				MTL_ENABLE_DEBUG_INFO = NO;
				MTL_FAST_MATH = YES;
				SDKROOT = iphoneos;
				SWIFT_COMPILATION_MODE = wholemodule;
				VALIDATE_PRODUCT = YES;
			};
			name = Release;
		};
		702 /* Debug */ = {
			isa = XCBuildConfiguration;
			buildSettings = {
				ASSETCATALOG_COMPILER_APPICON_NAME = AppIcon;
				ASSETCATALOG_COMPILER_GLOBAL_ACCENT_COLOR_NAME = AccentColor;
				CODE_SIGN_STYLE = Automatic;
				CURRENT_PROJECT_VERSION = 1;
				DEVELOPMENT_TEAM = XFQQ3QWXP6;
				ENABLE_PREVIEWS = YES;
				GENERATE_INFOPLIST_FILE = YES;
				INFOPLIST_KEY_UIApplicationSceneManifest_Generation = YES;
				INFOPLIST_KEY_UIApplicationSupportsIndirectInputEvents = YES;
				INFOPLIST_KEY_UILaunchScreen_Generation = YES;
				INFOPLIST_KEY_UISupportedInterfaceOrientations_iPad = "UIInterfaceOrientationPortrait UIInterfaceOrientationPortraitUpsideDown UIInterfaceOrientationLandscapeLeft UIInterfaceOrientationLandscapeRight";
				INFOPLIST_KEY_UISupportedInterfaceOrientations_iPhone = "UIInterfaceOrientationPortrait UIInterfaceOrientationLandscapeLeft UIInterfaceOrientationLandscapeRight";
				LD_RUNPATH_SEARCH_PATHS = (
					"$(inherited)",
					"@executable_path/Frameworks",
				);
				MARKETING_VERSION = 1.0;
				PRODUCT_BUNDLE_IDENTIFIER = com.twinitylabs.StrengthTracker;
				PRODUCT_MODULE_NAME = StrengthTracker;
				PRODUCT_NAME = "Strength Tracker";
				SWIFT_EMIT_LOC_STRINGS = YES;
				SWIFT_VERSION = 5.0;
				TARGETED_DEVICE_FAMILY = "1,2";
			};
			name = Debug;
		};
		703 /* Release */ = {
			isa = XCBuildConfiguration;
			buildSettings = {
				ASSETCATALOG_COMPILER_APPICON_NAME = AppIcon;
				ASSETCATALOG_COMPILER_GLOBAL_ACCENT_COLOR_NAME = AccentColor;
				CODE_SIGN_STYLE = Automatic;
				CURRENT_PROJECT_VERSION = 1;
				DEVELOPMENT_TEAM = XFQQ3QWXP6;
				ENABLE_PREVIEWS = YES;
				GENERATE_INFOPLIST_FILE = YES;
				INFOPLIST_KEY_UIApplicationSceneManifest_Generation = YES;
				INFOPLIST_KEY_UIApplicationSupportsIndirectInputEvents = YES;
				INFOPLIST_KEY_UILaunchScreen_Generation = YES;
				INFOPLIST_KEY_UISupportedInterfaceOrientations_iPad = "UIInterfaceOrientationPortrait UIInterfaceOrientationPortraitUpsideDown UIInterfaceOrientationLandscapeLeft UIInterfaceOrientationLandscapeRight";
				INFOPLIST_KEY_UISupportedInterfaceOrientations_iPhone = "UIInterfaceOrientationPortrait UIInterfaceOrientationLandscapeLeft UIInterfaceOrientationLandscapeRight";
				LD_RUNPATH_SEARCH_PATHS = (
					"$(inherited)",
					"@executable_path/Frameworks",
				);
				MARKETING_VERSION = 1.0;
				PRODUCT_BUNDLE_IDENTIFIER = com.twinitylabs.StrengthTracker;
				PRODUCT_MODULE_NAME = StrengthTracker;
				PRODUCT_NAME = "Strength Tracker";
				SWIFT_EMIT_LOC_STRINGS = YES;
				SWIFT_VERSION = 5.0;
				TARGETED_DEVICE_FAMILY = "1,2";
			};
			name = Release;
		};
		T702 /* Debug */ = {
			isa = XCBuildConfiguration;
			buildSettings = {
				CODE_SIGN_STYLE = Automatic;
				CURRENT_PROJECT_VERSION = 1;
				DEVELOPMENT_TEAM = "";
				GENERATE_INFOPLIST_FILE = YES;
				IPHONEOS_DEPLOYMENT_TARGET = 17.0;
				MACOSX_DEPLOYMENT_TARGET = 14.0;
				MARKETING_VERSION = 1.0;
				PRODUCT_BUNDLE_IDENTIFIER = com.yourcompany.StrengthTrackerTests;
				PRODUCT_NAME = "$(TARGET_NAME)";
				SDKROOT = iphonesimulator;
				SUPPORTED_PLATFORMS = iphonesimulator;
				SUPPORTS_MACCATALYST = NO;
				SUPPORTS_MAC_DESIGNED_FOR_IPHONE_IPAD = NO;
				SWIFT_EMIT_LOC_STRINGS = NO;
				SWIFT_VERSION = 5.0;
				TARGETED_DEVICE_FAMILY = "1,2";
			};
			name = Debug;
		};
		T703 /* Release */ = {
			isa = XCBuildConfiguration;
			buildSettings = {
				CODE_SIGN_STYLE = Automatic;
				CURRENT_PROJECT_VERSION = 1;
				DEVELOPMENT_TEAM = "";
				GENERATE_INFOPLIST_FILE = YES;
				IPHONEOS_DEPLOYMENT_TARGET = 17.0;
				MACOSX_DEPLOYMENT_TARGET = 14.0;
				MARKETING_VERSION = 1.0;
				PRODUCT_BUNDLE_IDENTIFIER = com.yourcompany.StrengthTrackerTests;
				PRODUCT_NAME = "$(TARGET_NAME)";
				SDKROOT = iphonesimulator;
				SUPPORTED_PLATFORMS = iphonesimulator;
				SUPPORTS_MACCATALYST = NO;
				SUPPORTS_MAC_DESIGNED_FOR_IPHONE_IPAD = NO;
				SWIFT_EMIT_LOC_STRINGS = NO;
				SWIFT_VERSION = 5.0;
				TARGETED_DEVICE_FAMILY = "1,2";
			};
			name = Release;
		};
		U702 /* Debug */ = {
			isa = XCBuildConfiguration;
			buildSettings = {
				CODE_SIGN_STYLE = Automatic;
				CURRENT_PROJECT_VERSION = 1;
				DEVELOPMENT_TEAM = "";
				GENERATE_INFOPLIST_FILE = YES;
				IPHONEOS_DEPLOYMENT_TARGET = 17.0;
				MARKETING_VERSION = 1.0;
				PRODUCT_BUNDLE_IDENTIFIER = com.yourcompany.StrengthTrackerUITests;
				PRODUCT_NAME = "$(TARGET_NAME)";
				SWIFT_EMIT_LOC_STRINGS = NO;
				SWIFT_VERSION = 5.0;
				TARGETED_DEVICE_FAMILY = "1,2";
				TEST_TARGET_NAME = StrengthTracker;
			};
			name = Debug;
		};
		U703 /* Release */ = {
			isa = XCBuildConfiguration;
			buildSettings = {
				CODE_SIGN_STYLE = Automatic;
				CURRENT_PROJECT_VERSION = 1;
				DEVELOPMENT_TEAM = "";
				GENERATE_INFOPLIST_FILE = YES;
				IPHONEOS_DEPLOYMENT_TARGET = 17.0;
				MARKETING_VERSION = 1.0;
				PRODUCT_BUNDLE_IDENTIFIER = com.yourcompany.StrengthTrackerUITests;
				PRODUCT_NAME = "$(TARGET_NAME)";
				SWIFT_EMIT_LOC_STRINGS = NO;
				SWIFT_VERSION = 5.0;
				TARGETED_DEVICE_FAMILY = "1,2";
				TEST_TARGET_NAME = StrengthTracker;
			};
			name = Release;
		};
/* End XCBuildConfiguration section */

/* Begin XCConfigurationList section */
		500 /* Build configuration list for PBXNativeTarget "StrengthTracker" */ = {
			isa = XCConfigurationList;
			buildConfigurations = (
				702 /* Debug */,
				703 /* Release */,
			);
			defaultConfigurationIsVisible = 0;
			defaultConfigurationName = Release;
		};
		601 /* Build configuration list for PBXProject "StrengthTracker" */ = {
			isa = XCConfigurationList;
			buildConfigurations = (
				700 /* Debug */,
				701 /* Release */,
			);
			defaultConfigurationIsVisible = 0;
			defaultConfigurationName = Release;
		};
		T500 /* Build configuration list for PBXNativeTarget "StrengthTrackerTests" */ = {
			isa = XCConfigurationList;
			buildConfigurations = (
				T702 /* Debug */,
				T703 /* Release */,
			);
			defaultConfigurationIsVisible = 0;
			defaultConfigurationName = Release;
		};
		U500 /* Build configuration list for PBXNativeTarget "StrengthTrackerUITests" */ = {
			isa = XCConfigurationList;
			buildConfigurations = (
				U702 /* Debug */,
				U703 /* Release */,
			);
			defaultConfigurationIsVisible = 0;
			defaultConfigurationName = Release;
		};
/* End XCConfigurationList section */
	};
	rootObject = 600 /* Project object */;
}
